
Microsoft Visual Studio Solution File, Format Version 12.00
Project("{FAE04EC0-301F-11D3-BF4B-00C04F79EFBC}") = "Listener", "Listener\Listener.csproj", "{B35ECEC3-2B04-4D1E-BEDF-8B3950EFEE5C}"
EndProject
Global
	GlobalSection(SolutionConfigurationPlatforms) = preSolution
		Debug|Any CPU = Debug|Any CPU
		Release|Any CPU = Release|Any CPU
	EndGlobalSection
	GlobalSection(ProjectConfigurationPlatforms) = postSolution
		{B35ECEC3-2B04-4D1E-BEDF-8B3950EFEE5C}.Debug|Any CPU.ActiveCfg = Debug|Any CPU
		{B35ECEC3-2B04-4D1E-BEDF-8B3950EFEE5C}.Debug|Any CPU.Build.0 = Debug|Any CPU
		{B35ECEC3-2B04-4D1E-BEDF-8B3950EFEE5C}.Release|Any CPU.ActiveCfg = Release|Any CPU
		{B35ECEC3-2B04-4D1E-BEDF-8B3950EFEE5C}.Release|Any CPU.Build.0 = Release|Any CPU
	EndGlobalSection
EndGlobal
